
Microsoft Visual Studio Solution File, Format Version 12.00
# Visual Studio 2012
Project("{F184B08F-C81C-45F6-A57F-5ABD9991F28F}") = "3LAWMN12VW", "3LAWMN12VW\3LAWMN12VW.vbproj", "{5F490C22-B5EF-452E-B69C-5C974372D9AA}"
EndProject
Project("{F184B08F-C81C-45F6-A57F-5ABD9991F28F}") = "3LAWMN12VW_View", "3LAWMN12VW_View\3LAWMN12VW_View.vbproj", "{AAE4E7CA-264C-440A-A333-1C49CC18F0EB}"
EndProject
Project("{F184B08F-C81C-45F6-A57F-5ABD9991F28F}") = "Test3LAWMN12VW", "Test3LAWMN12VW\Test3LAWMN12VW.vbproj", "{2D15FE4A-2719-469C-831C-C0EF1E3EDCCB}"
EndProject
Project("{F184B08F-C81C-45F6-A57F-5ABD9991F28F}") = "ValidationControl", "ValidationControl\ValidationControl.vbproj", "{DAE345DF-6164-498A-AAF0-792C37B845C5}"
EndProject
Project("{F184B08F-C81C-45F6-A57F-5ABD9991F28F}") = "VWContractValidationPrompt", "VWContractValidationPrompt\VWContractValidationPrompt.vbproj", "{E134EC80-F053-4160-AFBF-770D140E556E}"
EndProject
Project("{F184B08F-C81C-45F6-A57F-5ABD9991F28F}") = "VWContractValidationConsole", "VWContractValidationPromptConsole\VWContractValidationConsole.vbproj", "{6CE66168-62D0-46C1-9185-F204290F9E66}"
EndProject
Project("{F184B08F-C81C-45F6-A57F-5ABD9991F28F}") = "TestVWContractValidation", "TestVWContractValidation\TestVWContractValidation.vbproj", "{BE3E453F-E566-4CF7-A7A1-29810BCFE153}"
EndProject
Project("{F184B08F-C81C-45F6-A57F-5ABD9991F28F}") = "VWContractValidation", "VWContractValidation\VWContractValidation.vbproj", "{7C047855-A0FB-4408-AE2E-0A8969427299}"
EndProject
Global
	GlobalSection(SolutionConfigurationPlatforms) = preSolution
		Debug|Any CPU = Debug|Any CPU
		Release|Any CPU = Release|Any CPU
	EndGlobalSection
	GlobalSection(ProjectConfigurationPlatforms) = postSolution
		{5F490C22-B5EF-452E-B69C-5C974372D9AA}.Debug|Any CPU.ActiveCfg = Debug|Any CPU
		{5F490C22-B5EF-452E-B69C-5C974372D9AA}.Debug|Any CPU.Build.0 = Debug|Any CPU
		{5F490C22-B5EF-452E-B69C-5C974372D9AA}.Release|Any CPU.ActiveCfg = Release|Any CPU
		{5F490C22-B5EF-452E-B69C-5C974372D9AA}.Release|Any CPU.Build.0 = Release|Any CPU
		{AAE4E7CA-264C-440A-A333-1C49CC18F0EB}.Debug|Any CPU.ActiveCfg = Debug|Any CPU
		{AAE4E7CA-264C-440A-A333-1C49CC18F0EB}.Debug|Any CPU.Build.0 = Debug|Any CPU
		{AAE4E7CA-264C-440A-A333-1C49CC18F0EB}.Release|Any CPU.ActiveCfg = Release|Any CPU
		{AAE4E7CA-264C-440A-A333-1C49CC18F0EB}.Release|Any CPU.Build.0 = Release|Any CPU
		{2D15FE4A-2719-469C-831C-C0EF1E3EDCCB}.Debug|Any CPU.ActiveCfg = Debug|Any CPU
		{2D15FE4A-2719-469C-831C-C0EF1E3EDCCB}.Debug|Any CPU.Build.0 = Debug|Any CPU
		{2D15FE4A-2719-469C-831C-C0EF1E3EDCCB}.Release|Any CPU.ActiveCfg = Release|Any CPU
		{2D15FE4A-2719-469C-831C-C0EF1E3EDCCB}.Release|Any CPU.Build.0 = Release|Any CPU
		{DAE345DF-6164-498A-AAF0-792C37B845C5}.Debug|Any CPU.ActiveCfg = Debug|Any CPU
		{DAE345DF-6164-498A-AAF0-792C37B845C5}.Debug|Any CPU.Build.0 = Debug|Any CPU
		{DAE345DF-6164-498A-AAF0-792C37B845C5}.Release|Any CPU.ActiveCfg = Release|Any CPU
		{DAE345DF-6164-498A-AAF0-792C37B845C5}.Release|Any CPU.Build.0 = Release|Any CPU
		{E134EC80-F053-4160-AFBF-770D140E556E}.Debug|Any CPU.ActiveCfg = Debug|Any CPU
		{E134EC80-F053-4160-AFBF-770D140E556E}.Debug|Any CPU.Build.0 = Debug|Any CPU
		{E134EC80-F053-4160-AFBF-770D140E556E}.Release|Any CPU.ActiveCfg = Release|Any CPU
		{E134EC80-F053-4160-AFBF-770D140E556E}.Release|Any CPU.Build.0 = Release|Any CPU
		{6CE66168-62D0-46C1-9185-F204290F9E66}.Debug|Any CPU.ActiveCfg = Debug|Any CPU
		{6CE66168-62D0-46C1-9185-F204290F9E66}.Debug|Any CPU.Build.0 = Debug|Any CPU
		{6CE66168-62D0-46C1-9185-F204290F9E66}.Release|Any CPU.ActiveCfg = Release|Any CPU
		{6CE66168-62D0-46C1-9185-F204290F9E66}.Release|Any CPU.Build.0 = Release|Any CPU
		{BE3E453F-E566-4CF7-A7A1-29810BCFE153}.Debug|Any CPU.ActiveCfg = Debug|Any CPU
		{BE3E453F-E566-4CF7-A7A1-29810BCFE153}.Debug|Any CPU.Build.0 = Debug|Any CPU
		{BE3E453F-E566-4CF7-A7A1-29810BCFE153}.Release|Any CPU.ActiveCfg = Release|Any CPU
		{BE3E453F-E566-4CF7-A7A1-29810BCFE153}.Release|Any CPU.Build.0 = Release|Any CPU
		{7C047855-A0FB-4408-AE2E-0A8969427299}.Debug|Any CPU.ActiveCfg = Debug|Any CPU
		{7C047855-A0FB-4408-AE2E-0A8969427299}.Debug|Any CPU.Build.0 = Debug|Any CPU
		{7C047855-A0FB-4408-AE2E-0A8969427299}.Release|Any CPU.ActiveCfg = Release|Any CPU
		{7C047855-A0FB-4408-AE2E-0A8969427299}.Release|Any CPU.Build.0 = Release|Any CPU
	EndGlobalSection
	GlobalSection(SolutionProperties) = preSolution
		HideSolutionNode = FALSE
	EndGlobalSection
EndGlobal
